
Microsoft Visual Studio Solution File, Format Version 12.00
# Visual Studio Version 16
VisualStudioVersion = 16.0.31229.75
MinimumVisualStudioVersion = 10.0.40219.1
Project("{2150E333-8FDC-42A3-9474-1A3956D46DE8}") = "asgard - core framework", "asgard - core framework", "{EA0DD065-8D9D-4B7E-BB6D-4FC7D50FD24E}"
EndProject
Project("{2150E333-8FDC-42A3-9474-1A3956D46DE8}") = "unit tests", "unit tests", "{E75C12DA-2B08-420B-9B45-9061B4FE74EF}"
EndProject
Project("{2150E333-8FDC-42A3-9474-1A3956D46DE8}") = "library", "library", "{005CA024-B6F7-4DDE-B909-199D670E532B}"
EndProject
Project("{2150E333-8FDC-42A3-9474-1A3956D46DE8}") = "memory", "memory", "{C9390FA0-5A46-48E7-93E2-9CF2FC23137F}"
EndProject
Project("{2150E333-8FDC-42A3-9474-1A3956D46DE8}") = "os", "os", "{6A01E490-8C5B-47EA-A04C-ADD5D039AD3E}"
EndProject
Project("{2150E333-8FDC-42A3-9474-1A3956D46DE8}") = "system", "system", "{69B45164-E2A6-4F4C-A96D-E722013A8709}"
EndProject
Project("{2150E333-8FDC-42A3-9474-1A3956D46DE8}") = "asgard - game engine", "asgard - game engine", "{A8A49FA0-E0BE-467D-A70C-BBE9E8890B7A}"
EndProject
Project("{2150E333-8FDC-42A3-9474-1A3956D46DE8}") = "unit tests", "unit tests", "{86A39C21-E114-428B-A313-498A4D25C953}"
EndProject
Project("{2150E333-8FDC-42A3-9474-1A3956D46DE8}") = "firefox-plugin", "firefox-plugin", "{FE765605-C17B-47D7-B6E4-2ABE1A16126A}"
EndProject
Project("{2150E333-8FDC-42A3-9474-1A3956D46DE8}") = "asgard - scripting engine", "asgard - scripting engine", "{7C50FD6D-4AB7-4DDA-A639-1CA62F76ED61}"
EndProject
Project("{2150E333-8FDC-42A3-9474-1A3956D46DE8}") = "unit tests", "unit tests", "{FDACFF3F-6EA8-4EC9-A8DF-5A926B78A5B8}"
EndProject
Project("{2150E333-8FDC-42A3-9474-1A3956D46DE8}") = "network", "network", "{03162903-9AEF-4311-833E-22ADF50FDDB1}"
EndProject
Project("{2150E333-8FDC-42A3-9474-1A3956D46DE8}") = "games", "games", "{BCAABD19-B0B1-4A81-B1E6-B36D9F275CB8}"
EndProject
Project("{2150E333-8FDC-42A3-9474-1A3956D46DE8}") = "asgard - search engine", "asgard - search engine", "{35B89FD5-12BC-4FA3-A190-31BC5AACAAB0}"
EndProject
Project("{2150E333-8FDC-42A3-9474-1A3956D46DE8}") = "unit tests", "unit tests", "{54873612-FB75-4626-B473-9C920CBE9FBE}"
EndProject
Project("{2150E333-8FDC-42A3-9474-1A3956D46DE8}") = "core", "core", "{A5B413D0-112F-47A8-B4AC-2CFCE69920D2}"
EndProject
Project("{2150E333-8FDC-42A3-9474-1A3956D46DE8}") = "system", "system", "{2D45226C-04F5-47E4-8DA3-EAF583BFFC39}"
EndProject
Project("{8BC9CEB8-8B4A-11D0-8D11-00A0C91BC942}") = "libasgardcore", "conf\msvs\libasgardcore\libasgardcore.vcxproj", "{CCF8001B-9C4A-4541-888B-549245E50068}"
EndProject
Project("{8BC9CEB8-8B4A-11D0-8D11-00A0C91BC942}") = "ctype_unitTest", "conf\msvs\ctype_unitTest\ctype_unitTest.vcxproj", "{E1700137-F4BF-4735-94AB-E5F139E53FBA}"
	ProjectSection(ProjectDependencies) = postProject
		{CCF8001B-9C4A-4541-888B-549245E50068} = {CCF8001B-9C4A-4541-888B-549245E50068}
	EndProjectSection
EndProject
Project("{8BC9CEB8-8B4A-11D0-8D11-00A0C91BC942}") = "memory_unitTest", "conf\msvs\memory_unitTest\memory_unitTest.vcxproj", "{ABC5575C-8284-4010-BE69-16628BA43DE7}"
	ProjectSection(ProjectDependencies) = postProject
		{17221C0E-356E-4B45-8F7F-255B2D187121} = {17221C0E-356E-4B45-8F7F-255B2D187121}
		{CCF8001B-9C4A-4541-888B-549245E50068} = {CCF8001B-9C4A-4541-888B-549245E50068}
	EndProjectSection
EndProject
Project("{8BC9CEB8-8B4A-11D0-8D11-00A0C91BC942}") = "dl_unitTest", "conf\msvs\dl_unitTest\dl_unitTest.vcxproj", "{10A37A21-489B-4180-8221-6EC75C937B4B}"
	ProjectSection(ProjectDependencies) = postProject
		{CCF8001B-9C4A-4541-888B-549245E50068} = {CCF8001B-9C4A-4541-888B-549245E50068}
		{B895E6D0-4B60-4197-B5EC-682834D15461} = {B895E6D0-4B60-4197-B5EC-682834D15461}
	EndProjectSection
EndProject
Project("{8BC9CEB8-8B4A-11D0-8D11-00A0C91BC942}") = "endian_unitTest", "conf\msvs\endian_unitTest\endian_unitTest.vcxproj", "{A57C3312-B815-49B6-8B06-E2C438C1AFBE}"
	ProjectSection(ProjectDependencies) = postProject
		{CCF8001B-9C4A-4541-888B-549245E50068} = {CCF8001B-9C4A-4541-888B-549245E50068}
		{E1700137-F4BF-4735-94AB-E5F139E53FBA} = {E1700137-F4BF-4735-94AB-E5F139E53FBA}
	EndProjectSection
EndProject
Project("{8BC9CEB8-8B4A-11D0-8D11-00A0C91BC942}") = "error_unitTest", "conf\msvs\error_unitTest\error_unitTest.vcxproj", "{57057B08-DAAE-45F8-8680-C7420E3689B3}"
	ProjectSection(ProjectDependencies) = postProject
		{A57C3312-B815-49B6-8B06-E2C438C1AFBE} = {A57C3312-B815-49B6-8B06-E2C438C1AFBE}
		{CCF8001B-9C4A-4541-888B-549245E50068} = {CCF8001B-9C4A-4541-888B-549245E50068}
		{E1700137-F4BF-4735-94AB-E5F139E53FBA} = {E1700137-F4BF-4735-94AB-E5F139E53FBA}
	EndProjectSection
EndProject
Project("{8BC9CEB8-8B4A-11D0-8D11-00A0C91BC942}") = "serialize_unitTest", "conf\msvs\serialize_unitTest\serialize_unitTest.vcxproj", "{87418F43-7EF4-40CD-8A35-A062AE72AC76}"
	ProjectSection(ProjectDependencies) = postProject
		{57057B08-DAAE-45F8-8680-C7420E3689B3} = {57057B08-DAAE-45F8-8680-C7420E3689B3}
		{A57C3312-B815-49B6-8B06-E2C438C1AFBE} = {A57C3312-B815-49B6-8B06-E2C438C1AFBE}
		{CCF8001B-9C4A-4541-888B-549245E50068} = {CCF8001B-9C4A-4541-888B-549245E50068}
		{E1700137-F4BF-4735-94AB-E5F139E53FBA} = {E1700137-F4BF-4735-94AB-E5F139E53FBA}
	EndProjectSection
EndProject
Project("{8BC9CEB8-8B4A-11D0-8D11-00A0C91BC942}") = "dir_unitTest", "conf\msvs\dir_unitTest\dir_unitTest.vcxproj", "{BCDF0F10-9F3D-44B5-9138-35E39D15997D}"
	ProjectSection(ProjectDependencies) = postProject
		{57057B08-DAAE-45F8-8680-C7420E3689B3} = {57057B08-DAAE-45F8-8680-C7420E3689B3}
		{A57C3312-B815-49B6-8B06-E2C438C1AFBE} = {A57C3312-B815-49B6-8B06-E2C438C1AFBE}
		{CCF8001B-9C4A-4541-888B-549245E50068} = {CCF8001B-9C4A-4541-888B-549245E50068}
		{E1700137-F4BF-4735-94AB-E5F139E53FBA} = {E1700137-F4BF-4735-94AB-E5F139E53FBA}
		{87418F43-7EF4-40CD-8A35-A062AE72AC76} = {87418F43-7EF4-40CD-8A35-A062AE72AC76}
	EndProjectSection
EndProject
Project("{8BC9CEB8-8B4A-11D0-8D11-00A0C91BC942}") = "file_unitTest", "conf\msvs\file_unitTest\file_unitTest.vcxproj", "{F2567E3F-6152-4458-9048-8B5E6E601D96}"
	ProjectSection(ProjectDependencies) = postProject
		{57057B08-DAAE-45F8-8680-C7420E3689B3} = {57057B08-DAAE-45F8-8680-C7420E3689B3}
		{BCDF0F10-9F3D-44B5-9138-35E39D15997D} = {BCDF0F10-9F3D-44B5-9138-35E39D15997D}
		{A57C3312-B815-49B6-8B06-E2C438C1AFBE} = {A57C3312-B815-49B6-8B06-E2C438C1AFBE}
		{CCF8001B-9C4A-4541-888B-549245E50068} = {CCF8001B-9C4A-4541-888B-549245E50068}
		{E1700137-F4BF-4735-94AB-E5F139E53FBA} = {E1700137-F4BF-4735-94AB-E5F139E53FBA}
		{87418F43-7EF4-40CD-8A35-A062AE72AC76} = {87418F43-7EF4-40CD-8A35-A062AE72AC76}
	EndProjectSection
EndProject
Project("{8BC9CEB8-8B4A-11D0-8D11-00A0C91BC942}") = "bptree_unitTest", "conf\msvs\bptree_unitTest\bptree_unitTest.vcxproj", "{FFC0D431-B417-4B8B-A959-43600E0E3529}"
	ProjectSection(ProjectDependencies) = postProject
		{CCF8001B-9C4A-4541-888B-549245E50068} = {CCF8001B-9C4A-4541-888B-549245E50068}
		{F2567E3F-6152-4458-9048-8B5E6E601D96} = {F2567E3F-6152-4458-9048-8B5E6E601D96}
	EndProjectSection
EndProject
Project("{8BC9CEB8-8B4A-11D0-8D11-00A0C91BC942}") = "fifostack_unitTest", "conf\msvs\fifostack_unitTest\fifostack_unitTest.vcxproj", "{61D76A2D-7F08-4EC0-8405-8BD2E362AE32}"
	ProjectSection(ProjectDependencies) = postProject
		{CCF8001B-9C4A-4541-888B-549245E50068} = {CCF8001B-9C4A-4541-888B-549245E50068}
		{FFC0D431-B417-4B8B-A959-43600E0E3529} = {FFC0D431-B417-4B8B-A959-43600E0E3529}
	EndProjectSection
EndProject
Project("{8BC9CEB8-8B4A-11D0-8D11-00A0C91BC942}") = "config_unitTest", "conf\msvs\config_unitTest\config_unitTest.vcxproj", "{8EC50474-C73B-447F-81F2-5C85B5F1EC6D}"
	ProjectSection(ProjectDependencies) = postProject
		{CCF8001B-9C4A-4541-888B-549245E50068} = {CCF8001B-9C4A-4541-888B-549245E50068}
		{61D76A2D-7F08-4EC0-8405-8BD2E362AE32} = {61D76A2D-7F08-4EC0-8405-8BD2E362AE32}
	EndProjectSection
EndProject
Project("{8BC9CEB8-8B4A-11D0-8D11-00A0C91BC942}") = "time_unitTest", "conf\msvs\time_unitTest\time_unitTest.vcxproj", "{4CFD5315-AE16-4E72-9195-3FCBF8E2C317}"
	ProjectSection(ProjectDependencies) = postProject
		{CCF8001B-9C4A-4541-888B-549245E50068} = {CCF8001B-9C4A-4541-888B-549245E50068}
		{10A37A21-489B-4180-8221-6EC75C937B4B} = {10A37A21-489B-4180-8221-6EC75C937B4B}
	EndProjectSection
EndProject
Project("{8BC9CEB8-8B4A-11D0-8D11-00A0C91BC942}") = "system_unitTest", "conf\msvs\system_unitTest\system_unitTest.vcxproj", "{BAE20C45-F7D2-4D0C-B927-02757757D884}"
	ProjectSection(ProjectDependencies) = postProject
		{4CFD5315-AE16-4E72-9195-3FCBF8E2C317} = {4CFD5315-AE16-4E72-9195-3FCBF8E2C317}
		{CCF8001B-9C4A-4541-888B-549245E50068} = {CCF8001B-9C4A-4541-888B-549245E50068}
	EndProjectSection
EndProject
Project("{8BC9CEB8-8B4A-11D0-8D11-00A0C91BC942}") = "mutex_unitTest", "conf\msvs\mutex_unitTest\mutex_unitTest.vcxproj", "{1464C464-F79A-41C0-ADBD-552A3CBA7509}"
	ProjectSection(ProjectDependencies) = postProject
		{CCF8001B-9C4A-4541-888B-549245E50068} = {CCF8001B-9C4A-4541-888B-549245E50068}
		{BAE20C45-F7D2-4D0C-B927-02757757D884} = {BAE20C45-F7D2-4D0C-B927-02757757D884}
	EndProjectSection
EndProject
Project("{8BC9CEB8-8B4A-11D0-8D11-00A0C91BC942}") = "signal_unitTest", "conf\msvs\signal_unitTest\signal_unitTest.vcxproj", "{9DA4D7B1-80D4-429F-BD09-735AF383CA4A}"
	ProjectSection(ProjectDependencies) = postProject
		{CCF8001B-9C4A-4541-888B-549245E50068} = {CCF8001B-9C4A-4541-888B-549245E50068}
		{1464C464-F79A-41C0-ADBD-552A3CBA7509} = {1464C464-F79A-41C0-ADBD-552A3CBA7509}
	EndProjectSection
EndProject
Project("{8BC9CEB8-8B4A-11D0-8D11-00A0C91BC942}") = "thread_unitTest", "conf\msvs\thread_unitTest\thread_unitTest.vcxproj", "{BBE79C2A-92E9-43E7-A2D6-EB9B5E026E20}"
	ProjectSection(ProjectDependencies) = postProject
		{CCF8001B-9C4A-4541-888B-549245E50068} = {CCF8001B-9C4A-4541-888B-549245E50068}
		{9DA4D7B1-80D4-429F-BD09-735AF383CA4A} = {9DA4D7B1-80D4-429F-BD09-735AF383CA4A}
	EndProjectSection
EndProject
Project("{8BC9CEB8-8B4A-11D0-8D11-00A0C91BC942}") = "stacktrace_unitTest", "conf\msvs\stacktrace_unitTest\stacktrace_unitTest.vcxproj", "{B3888062-5BB0-420C-8CCE-E4059452FB78}"
	ProjectSection(ProjectDependencies) = postProject
		{CCF8001B-9C4A-4541-888B-549245E50068} = {CCF8001B-9C4A-4541-888B-549245E50068}
		{BBE79C2A-92E9-43E7-A2D6-EB9B5E026E20} = {BBE79C2A-92E9-43E7-A2D6-EB9B5E026E20}
	EndProjectSection
EndProject
Project("{8BC9CEB8-8B4A-11D0-8D11-00A0C91BC942}") = "log_unitTest", "conf\msvs\log_unitTest\log_unitTest.vcxproj", "{558A5ADD-6093-47D4-A69C-76DD41874FB8}"
	ProjectSection(ProjectDependencies) = postProject
		{CCF8001B-9C4A-4541-888B-549245E50068} = {CCF8001B-9C4A-4541-888B-549245E50068}
		{8EC50474-C73B-447F-81F2-5C85B5F1EC6D} = {8EC50474-C73B-447F-81F2-5C85B5F1EC6D}
	EndProjectSection
EndProject
Project("{8BC9CEB8-8B4A-11D0-8D11-00A0C91BC942}") = "pfs_unitTest", "conf\msvs\pfs_unitTest\pfs_unitTest.vcxproj", "{D9669AC0-FBBC-44F1-9FC9-25D0D41A6F16}"
	ProjectSection(ProjectDependencies) = postProject
		{CCF8001B-9C4A-4541-888B-549245E50068} = {CCF8001B-9C4A-4541-888B-549245E50068}
		{558A5ADD-6093-47D4-A69C-76DD41874FB8} = {558A5ADD-6093-47D4-A69C-76DD41874FB8}
	EndProjectSection
EndProject
Project("{8BC9CEB8-8B4A-11D0-8D11-00A0C91BC942}") = "libasgard", "conf\msvs\libasgard\libasgard.vcxproj", "{B941C908-7FC1-4579-B0FB-066F4208DFC1}"
	ProjectSection(ProjectDependencies) = postProject
		{CCF8001B-9C4A-4541-888B-549245E50068} = {CCF8001B-9C4A-4541-888B-549245E50068}
	EndProjectSection
EndProject
Project("{8BC9CEB8-8B4A-11D0-8D11-00A0C91BC942}") = "asgardBasic_unitTest", "conf\msvs\asgardBasic_unitTest\asgardBasic_unitTest.vcxproj", "{3ECC8D11-E2DA-4845-8C82-09B2F5EDE19F}"
	ProjectSection(ProjectDependencies) = postProject
		{B941C908-7FC1-4579-B0FB-066F4208DFC1} = {B941C908-7FC1-4579-B0FB-066F4208DFC1}
		{CCF8001B-9C4A-4541-888B-549245E50068} = {CCF8001B-9C4A-4541-888B-549245E50068}
	EndProjectSection
EndProject
Project("{8BC9CEB8-8B4A-11D0-8D11-00A0C91BC942}") = "tmf_unitTest", "conf\msvs\tmf_unitTest\tmf_unitTest.vcxproj", "{523C26F1-82C9-4EDB-B830-CDCA154BE2FF}"
	ProjectSection(ProjectDependencies) = postProject
		{CCF8001B-9C4A-4541-888B-549245E50068} = {CCF8001B-9C4A-4541-888B-549245E50068}
		{D9669AC0-FBBC-44F1-9FC9-25D0D41A6F16} = {D9669AC0-FBBC-44F1-9FC9-25D0D41A6F16}
	EndProjectSection
EndProject
Project("{8BC9CEB8-8B4A-11D0-8D11-00A0C91BC942}") = "asgardEngineBasic_unitTest", "conf\msvs\asgardEngineBasic_unitTest\asgardEngineBasic_unitTest.vcxproj", "{1C7EF2DA-14CA-470F-B63A-48EC411D40FC}"
	ProjectSection(ProjectDependencies) = postProject
		{B941C908-7FC1-4579-B0FB-066F4208DFC1} = {B941C908-7FC1-4579-B0FB-066F4208DFC1}
		{CCF8001B-9C4A-4541-888B-549245E50068} = {CCF8001B-9C4A-4541-888B-549245E50068}
	EndProjectSection
EndProject
Project("{8BC9CEB8-8B4A-11D0-8D11-00A0C91BC942}") = "json_unitTest", "conf\msvs\json_unitTest\json_unitTest.vcxproj", "{160B409E-1762-4F99-A16E-E348A6888C4C}"
	ProjectSection(ProjectDependencies) = postProject
		{CCF8001B-9C4A-4541-888B-549245E50068} = {CCF8001B-9C4A-4541-888B-549245E50068}
		{523C26F1-82C9-4EDB-B830-CDCA154BE2FF} = {523C26F1-82C9-4EDB-B830-CDCA154BE2FF}
	EndProjectSection
EndProject
Project("{8BC9CEB8-8B4A-11D0-8D11-00A0C91BC942}") = "asgardEnginePipeline_unitTest", "conf\msvs\asgardEnginePipeline_unitTest\asgardEnginePipeline_unitTest.vcxproj", "{B46454BE-CF8E-4DA1-951A-C5F36099512B}"
	ProjectSection(ProjectDependencies) = postProject
		{B941C908-7FC1-4579-B0FB-066F4208DFC1} = {B941C908-7FC1-4579-B0FB-066F4208DFC1}
		{CCF8001B-9C4A-4541-888B-549245E50068} = {CCF8001B-9C4A-4541-888B-549245E50068}
	EndProjectSection
EndProject
Project("{8BC9CEB8-8B4A-11D0-8D11-00A0C91BC942}") = "asgardEngineWfobj_unitTest", "conf\msvs\asgardEngineWfobj_unitTest\asgardEngineWfobj_unitTest.vcxproj", "{63F0ED0E-033A-4D0C-8870-A90CFBFBD224}"
	ProjectSection(ProjectDependencies) = postProject
		{B941C908-7FC1-4579-B0FB-066F4208DFC1} = {B941C908-7FC1-4579-B0FB-066F4208DFC1}
		{CCF8001B-9C4A-4541-888B-549245E50068} = {CCF8001B-9C4A-4541-888B-549245E50068}
	EndProjectSection
EndProject
Project("{8BC9CEB8-8B4A-11D0-8D11-00A0C91BC942}") = "asgardEngineGuiWidget_unitTest", "conf\msvs\asgardEngineGuiWidget_unitTest\asgardEngineGuiWidget_unitTest.vcxproj", "{BD36C6DD-531A-4D14-8EBC-79E79F743345}"
	ProjectSection(ProjectDependencies) = postProject
		{B941C908-7FC1-4579-B0FB-066F4208DFC1} = {B941C908-7FC1-4579-B0FB-066F4208DFC1}
		{CCF8001B-9C4A-4541-888B-549245E50068} = {CCF8001B-9C4A-4541-888B-549245E50068}
	EndProjectSection
EndProject
Project("{8BC9CEB8-8B4A-11D0-8D11-00A0C91BC942}") = "libasgard-firefox", "conf\msvs\libasgard_firefox\libasgard-firefox.vcxproj", "{99F3FCB1-57FB-485C-B6E7-557F7771E7AC}"
	ProjectSection(ProjectDependencies) = postProject
		{B941C908-7FC1-4579-B0FB-066F4208DFC1} = {B941C908-7FC1-4579-B0FB-066F4208DFC1}
		{CCF8001B-9C4A-4541-888B-549245E50068} = {CCF8001B-9C4A-4541-888B-549245E50068}
	EndProjectSection
EndProject
Project("{8BC9CEB8-8B4A-11D0-8D11-00A0C91BC942}") = "zlib_unitTest", "conf\msvs\zlib_unitTest\zlib_unitTest.vcxproj", "{17221C0E-356E-4B45-8F7F-255B2D187121}"
	ProjectSection(ProjectDependencies) = postProject
		{160B409E-1762-4F99-A16E-E348A6888C4C} = {160B409E-1762-4F99-A16E-E348A6888C4C}
	EndProjectSection
EndProject
Project("{8BC9CEB8-8B4A-11D0-8D11-00A0C91BC942}") = "asgardEngine2d_unitTest", "conf\msvs\asgardEngine2d_unitTest\asgardEngine2d_unitTest.vcxproj", "{5351A411-6D8C-43D4-B5AB-AF04856A4CAD}"
	ProjectSection(ProjectDependencies) = postProject
		{B941C908-7FC1-4579-B0FB-066F4208DFC1} = {B941C908-7FC1-4579-B0FB-066F4208DFC1}
		{CCF8001B-9C4A-4541-888B-549245E50068} = {CCF8001B-9C4A-4541-888B-549245E50068}
	EndProjectSection
EndProject
Project("{8BC9CEB8-8B4A-11D0-8D11-00A0C91BC942}") = "libasgardscript", "conf\msvs\libasgardscript\libasgardscript.vcxproj", "{661E830E-E695-4CB8-B91B-8A75AD052CE4}"
	ProjectSection(ProjectDependencies) = postProject
		{CCF8001B-9C4A-4541-888B-549245E50068} = {CCF8001B-9C4A-4541-888B-549245E50068}
	EndProjectSection
EndProject
Project("{8BC9CEB8-8B4A-11D0-8D11-00A0C91BC942}") = "script_unitTest", "conf\msvs\script_unitTest\script_unitTest.vcxproj", "{E561D3DD-5FF2-4BE2-9281-E4A954AB1C8C}"
	ProjectSection(ProjectDependencies) = postProject
		{661E830E-E695-4CB8-B91B-8A75AD052CE4} = {661E830E-E695-4CB8-B91B-8A75AD052CE4}
		{63F0ED0E-033A-4D0C-8870-A90CFBFBD224} = {63F0ED0E-033A-4D0C-8870-A90CFBFBD224}
		{CCF8001B-9C4A-4541-888B-549245E50068} = {CCF8001B-9C4A-4541-888B-549245E50068}
	EndProjectSection
EndProject
Project("{8BC9CEB8-8B4A-11D0-8D11-00A0C91BC942}") = "hanoi_unitTest", "conf\msvs\hanoi_unitTest\hanoi_unitTest.vcxproj", "{55B477FB-3BB3-4628-90F9-AEFDDC38A0F4}"
	ProjectSection(ProjectDependencies) = postProject
		{661E830E-E695-4CB8-B91B-8A75AD052CE4} = {661E830E-E695-4CB8-B91B-8A75AD052CE4}
		{CCF8001B-9C4A-4541-888B-549245E50068} = {CCF8001B-9C4A-4541-888B-549245E50068}
		{E561D3DD-5FF2-4BE2-9281-E4A954AB1C8C} = {E561D3DD-5FF2-4BE2-9281-E4A954AB1C8C}
	EndProjectSection
EndProject
Project("{8BC9CEB8-8B4A-11D0-8D11-00A0C91BC942}") = "socket_unitTest", "conf\msvs\socket_unitTest\socket_unitTest.vcxproj", "{44200561-5960-4C60-A680-C929E82443A9}"
	ProjectSection(ProjectDependencies) = postProject
		{CCF8001B-9C4A-4541-888B-549245E50068} = {CCF8001B-9C4A-4541-888B-549245E50068}
		{B3888062-5BB0-420C-8CCE-E4059452FB78} = {B3888062-5BB0-420C-8CCE-E4059452FB78}
	EndProjectSection
EndProject
Project("{8BC9CEB8-8B4A-11D0-8D11-00A0C91BC942}") = "protocol_http_unitTest", "conf\msvs\protocol_http_unitTest\protocol_http_unitTest.vcxproj", "{B895E6D0-4B60-4197-B5EC-682834D15461}"
	ProjectSection(ProjectDependencies) = postProject
		{CCF8001B-9C4A-4541-888B-549245E50068} = {CCF8001B-9C4A-4541-888B-549245E50068}
		{ABC5575C-8284-4010-BE69-16628BA43DE7} = {ABC5575C-8284-4010-BE69-16628BA43DE7}
	EndProjectSection
EndProject
Project("{8BC9CEB8-8B4A-11D0-8D11-00A0C91BC942}") = "pokerGamePrototype", "conf\msvs\pokerGamePrototype\pokerGamePrototype.vcxproj", "{AA42D092-577A-4951-B528-A309C4AA6E59}"
	ProjectSection(ProjectDependencies) = postProject
		{B941C908-7FC1-4579-B0FB-066F4208DFC1} = {B941C908-7FC1-4579-B0FB-066F4208DFC1}
		{CCF8001B-9C4A-4541-888B-549245E50068} = {CCF8001B-9C4A-4541-888B-549245E50068}
	EndProjectSection
EndProject
Project("{8BC9CEB8-8B4A-11D0-8D11-00A0C91BC942}") = "spinlock_unitTest", "conf\msvs\spinlock_unitTest\spinlock_unitTest.vcxproj", "{87E934BF-5FF2-4871-A9A4-584AC1FD912A}"
	ProjectSection(ProjectDependencies) = postProject
		{CCF8001B-9C4A-4541-888B-549245E50068} = {CCF8001B-9C4A-4541-888B-549245E50068}
		{44200561-5960-4C60-A680-C929E82443A9} = {44200561-5960-4C60-A680-C929E82443A9}
	EndProjectSection
EndProject
Project("{8BC9CEB8-8B4A-11D0-8D11-00A0C91BC942}") = "managed_index_unitTest", "conf\msvs\managed_index_unitTest\managed_index_unitTest.vcxproj", "{EAE086A5-8019-4ACC-9694-88C03D2A392C}"
	ProjectSection(ProjectDependencies) = postProject
		{CCF8001B-9C4A-4541-888B-549245E50068} = {CCF8001B-9C4A-4541-888B-549245E50068}
		{558A5ADD-6093-47D4-A69C-76DD41874FB8} = {558A5ADD-6093-47D4-A69C-76DD41874FB8}
	EndProjectSection
EndProject
Project("{8BC9CEB8-8B4A-11D0-8D11-00A0C91BC942}") = "arraylist_unitTest", "conf\msvs\arraylist_unitTest\arraylist_unitTest.vcxproj", "{075E1FDF-3F15-4F13-9280-65003ADAD0FD}"
	ProjectSection(ProjectDependencies) = postProject
		{CCF8001B-9C4A-4541-888B-549245E50068} = {CCF8001B-9C4A-4541-888B-549245E50068}
	EndProjectSection
EndProject
Project("{8BC9CEB8-8B4A-11D0-8D11-00A0C91BC942}") = "integer_unitTest", "conf\msvs\integer_unitTest\integer_unitTest.vcxproj", "{653105ED-1184-40B7-BC91-378B4C1A4CDB}"
	ProjectSection(ProjectDependencies) = postProject
		{CCF8001B-9C4A-4541-888B-549245E50068} = {CCF8001B-9C4A-4541-888B-549245E50068}
	EndProjectSection
EndProject
Project("{8BC9CEB8-8B4A-11D0-8D11-00A0C91BC942}") = "intersect_unitTest", "conf\msvs\intersect_unitTest\intersect_unitTest.vcxproj", "{54DEE12B-27C8-4070-AC3B-74A292CA6DDC}"
	ProjectSection(ProjectDependencies) = postProject
		{CCF8001B-9C4A-4541-888B-549245E50068} = {CCF8001B-9C4A-4541-888B-549245E50068}
	EndProjectSection
EndProject
Project("{8BC9CEB8-8B4A-11D0-8D11-00A0C91BC942}") = "range_index_unitTest", "conf\msvs\range_index_unitTest\range_index_unitTest.vcxproj", "{AC9C44EF-9EDD-495C-AA6D-12739B56967C}"
	ProjectSection(ProjectDependencies) = postProject
		{CCF8001B-9C4A-4541-888B-549245E50068} = {CCF8001B-9C4A-4541-888B-549245E50068}
	EndProjectSection
EndProject
Project("{8BC9CEB8-8B4A-11D0-8D11-00A0C91BC942}") = "libasgardsearch", "conf\msvs\libasgardsearch\libasgardsearch.vcxproj", "{8742D282-E319-4622-B58B-526BE2D734BD}"
	ProjectSection(ProjectDependencies) = postProject
		{661E830E-E695-4CB8-B91B-8A75AD052CE4} = {661E830E-E695-4CB8-B91B-8A75AD052CE4}
		{CCF8001B-9C4A-4541-888B-549245E50068} = {CCF8001B-9C4A-4541-888B-549245E50068}
	EndProjectSection
EndProject
Project("{8BC9CEB8-8B4A-11D0-8D11-00A0C91BC942}") = "common_unitTest", "conf\msvs\common_unitTest\common_unitTest.vcxproj", "{ADB7EE29-F446-4AAD-B8C0-3E140C771F7E}"
	ProjectSection(ProjectDependencies) = postProject
		{661E830E-E695-4CB8-B91B-8A75AD052CE4} = {661E830E-E695-4CB8-B91B-8A75AD052CE4}
		{CCF8001B-9C4A-4541-888B-549245E50068} = {CCF8001B-9C4A-4541-888B-549245E50068}
		{8742D282-E319-4622-B58B-526BE2D734BD} = {8742D282-E319-4622-B58B-526BE2D734BD}
	EndProjectSection
EndProject
Project("{8BC9CEB8-8B4A-11D0-8D11-00A0C91BC942}") = "container_unitTest", "conf\msvs\container_unitTest\container_unitTest.vcxproj", "{0FB88D65-208F-49EA-A708-FEE0600445BD}"
	ProjectSection(ProjectDependencies) = postProject
		{661E830E-E695-4CB8-B91B-8A75AD052CE4} = {661E830E-E695-4CB8-B91B-8A75AD052CE4}
		{CCF8001B-9C4A-4541-888B-549245E50068} = {CCF8001B-9C4A-4541-888B-549245E50068}
		{8742D282-E319-4622-B58B-526BE2D734BD} = {8742D282-E319-4622-B58B-526BE2D734BD}
	EndProjectSection
EndProject
Project("{8BC9CEB8-8B4A-11D0-8D11-00A0C91BC942}") = "index_registry_unitTest", "conf\msvs\index_registry_unitTest\index_registry_unitTest.vcxproj", "{79EE6567-72F1-4404-B718-9B38D600D3EE}"
	ProjectSection(ProjectDependencies) = postProject
		{661E830E-E695-4CB8-B91B-8A75AD052CE4} = {661E830E-E695-4CB8-B91B-8A75AD052CE4}
		{CCF8001B-9C4A-4541-888B-549245E50068} = {CCF8001B-9C4A-4541-888B-549245E50068}
		{8742D282-E319-4622-B58B-526BE2D734BD} = {8742D282-E319-4622-B58B-526BE2D734BD}
	EndProjectSection
EndProject
Project("{8BC9CEB8-8B4A-11D0-8D11-00A0C91BC942}") = "search_engine_unitTest", "conf\msvs\search_engine_unitTest\search_engine_unitTest.vcxproj", "{7780F325-39A6-4F1E-B119-5A8012F606CB}"
	ProjectSection(ProjectDependencies) = postProject
		{661E830E-E695-4CB8-B91B-8A75AD052CE4} = {661E830E-E695-4CB8-B91B-8A75AD052CE4}
		{CCF8001B-9C4A-4541-888B-549245E50068} = {CCF8001B-9C4A-4541-888B-549245E50068}
		{8742D282-E319-4622-B58B-526BE2D734BD} = {8742D282-E319-4622-B58B-526BE2D734BD}
	EndProjectSection
EndProject
Project("{8BC9CEB8-8B4A-11D0-8D11-00A0C91BC942}") = "search_index_unitTest", "conf\msvs\search_index_unitTest\search_index_unitTest.vcxproj", "{542FDC9E-EA7C-45C2-8FB7-0A37ADD80983}"
	ProjectSection(ProjectDependencies) = postProject
		{661E830E-E695-4CB8-B91B-8A75AD052CE4} = {661E830E-E695-4CB8-B91B-8A75AD052CE4}
		{CCF8001B-9C4A-4541-888B-549245E50068} = {CCF8001B-9C4A-4541-888B-549245E50068}
		{8742D282-E319-4622-B58B-526BE2D734BD} = {8742D282-E319-4622-B58B-526BE2D734BD}
	EndProjectSection
EndProject
Project("{8BC9CEB8-8B4A-11D0-8D11-00A0C91BC942}") = "lfbc_unitTest", "conf\msvs\lfbc_unitTest\lfbc_unitTest.vcxproj", "{CF84B523-C2EE-4BCD-80FF-DBC7ABC75B9A}"
	ProjectSection(ProjectDependencies) = postProject
		{CCF8001B-9C4A-4541-888B-549245E50068} = {CCF8001B-9C4A-4541-888B-549245E50068}
	EndProjectSection
EndProject
Project("{8BC9CEB8-8B4A-11D0-8D11-00A0C91BC942}") = "wildcard_unitTest", "conf\msvs\wildcard_unitTest\wildcard_unitTest.vcxproj", "{206AC367-7B9A-45A2-9A69-6E5541992037}"
	ProjectSection(ProjectDependencies) = postProject
		{CCF8001B-9C4A-4541-888B-549245E50068} = {CCF8001B-9C4A-4541-888B-549245E50068}
	EndProjectSection
EndProject
Project("{8BC9CEB8-8B4A-11D0-8D11-00A0C91BC942}") = "esa_unitTest", "conf\msvs\esa_unitTest\esa_unitTest.vcxproj", "{A609E060-C969-4525-8769-83738CA5741E}"
	ProjectSection(ProjectDependencies) = postProject
		{CCF8001B-9C4A-4541-888B-549245E50068} = {CCF8001B-9C4A-4541-888B-549245E50068}
	EndProjectSection
EndProject
Project("{8BC9CEB8-8B4A-11D0-8D11-00A0C91BC942}") = "xpath_unitTest", "conf\msvs\xpath_unitTest\xpath_unitTest.vcxproj", "{FF750E9F-7C54-4764-8E3A-CD2F0E04AA32}"
	ProjectSection(ProjectDependencies) = postProject
		{CCF8001B-9C4A-4541-888B-549245E50068} = {CCF8001B-9C4A-4541-888B-549245E50068}
	EndProjectSection
EndProject
Project("{8BC9CEB8-8B4A-11D0-8D11-00A0C91BC942}") = "server_unitTest", "conf\msvs\server_unitTest\server_unitTest.vcxproj", "{DDF1CB19-6D8D-4F94-91F7-B1DDE48B34C5}"
	ProjectSection(ProjectDependencies) = postProject
		{CCF8001B-9C4A-4541-888B-549245E50068} = {CCF8001B-9C4A-4541-888B-549245E50068}
	EndProjectSection
EndProject
Project("{8BC9CEB8-8B4A-11D0-8D11-00A0C91BC942}") = "transaction_manager_unitTest", "conf\msvs\transaction_manager_unitTest\transaction_manager_unitTest.vcxproj", "{FECF9CCB-41C2-4FF9-9D64-D07D8F93786C}"
	ProjectSection(ProjectDependencies) = postProject
		{CCF8001B-9C4A-4541-888B-549245E50068} = {CCF8001B-9C4A-4541-888B-549245E50068}
	EndProjectSection
EndProject
Project("{8BC9CEB8-8B4A-11D0-8D11-00A0C91BC942}") = "asgardEngineParticleEngine_unitTest", "conf\msvs\asgardEngineParticleEngine_unitTest\asgardEngineParticleEngine_unitTest.vcxproj", "{4021E886-3C6A-4C08-B7A7-D21EDA336219}"
	ProjectSection(ProjectDependencies) = postProject
		{B941C908-7FC1-4579-B0FB-066F4208DFC1} = {B941C908-7FC1-4579-B0FB-066F4208DFC1}
		{CCF8001B-9C4A-4541-888B-549245E50068} = {CCF8001B-9C4A-4541-888B-549245E50068}
	EndProjectSection
EndProject
Project("{8BC9CEB8-8B4A-11D0-8D11-00A0C91BC942}") = "asgard-shell", "conf\msvs\asgard-shell\asgard-shell.vcxproj", "{76CCBD2E-63CB-4C0D-AC59-0076D1E0E8F3}"
	ProjectSection(ProjectDependencies) = postProject
		{B941C908-7FC1-4579-B0FB-066F4208DFC1} = {B941C908-7FC1-4579-B0FB-066F4208DFC1}
		{CCF8001B-9C4A-4541-888B-549245E50068} = {CCF8001B-9C4A-4541-888B-549245E50068}
	EndProjectSection
EndProject
Global
	GlobalSection(SolutionConfigurationPlatforms) = preSolution
		Debug|Win32 = Debug|Win32
		Release|Win32 = Release|Win32
	EndGlobalSection
	GlobalSection(ProjectConfigurationPlatforms) = postSolution
		{CCF8001B-9C4A-4541-888B-549245E50068}.Debug|Win32.ActiveCfg = Debug|Win32
		{CCF8001B-9C4A-4541-888B-549245E50068}.Debug|Win32.Build.0 = Debug|Win32
		{CCF8001B-9C4A-4541-888B-549245E50068}.Release|Win32.ActiveCfg = Release|Win32
		{CCF8001B-9C4A-4541-888B-549245E50068}.Release|Win32.Build.0 = Release|Win32
		{E1700137-F4BF-4735-94AB-E5F139E53FBA}.Debug|Win32.ActiveCfg = Debug|Win32
		{E1700137-F4BF-4735-94AB-E5F139E53FBA}.Debug|Win32.Build.0 = Debug|Win32
		{E1700137-F4BF-4735-94AB-E5F139E53FBA}.Release|Win32.ActiveCfg = Release|Win32
		{E1700137-F4BF-4735-94AB-E5F139E53FBA}.Release|Win32.Build.0 = Release|Win32
		{ABC5575C-8284-4010-BE69-16628BA43DE7}.Debug|Win32.ActiveCfg = Debug|Win32
		{ABC5575C-8284-4010-BE69-16628BA43DE7}.Debug|Win32.Build.0 = Debug|Win32
		{ABC5575C-8284-4010-BE69-16628BA43DE7}.Release|Win32.ActiveCfg = Release|Win32
		{ABC5575C-8284-4010-BE69-16628BA43DE7}.Release|Win32.Build.0 = Release|Win32
		{10A37A21-489B-4180-8221-6EC75C937B4B}.Debug|Win32.ActiveCfg = Debug|Win32
		{10A37A21-489B-4180-8221-6EC75C937B4B}.Debug|Win32.Build.0 = Debug|Win32
		{10A37A21-489B-4180-8221-6EC75C937B4B}.Release|Win32.ActiveCfg = Release|Win32
		{10A37A21-489B-4180-8221-6EC75C937B4B}.Release|Win32.Build.0 = Release|Win32
		{A57C3312-B815-49B6-8B06-E2C438C1AFBE}.Debug|Win32.ActiveCfg = Debug|Win32
		{A57C3312-B815-49B6-8B06-E2C438C1AFBE}.Debug|Win32.Build.0 = Debug|Win32
		{A57C3312-B815-49B6-8B06-E2C438C1AFBE}.Release|Win32.ActiveCfg = Release|Win32
		{A57C3312-B815-49B6-8B06-E2C438C1AFBE}.Release|Win32.Build.0 = Release|Win32
		{57057B08-DAAE-45F8-8680-C7420E3689B3}.Debug|Win32.ActiveCfg = Debug|Win32
		{57057B08-DAAE-45F8-8680-C7420E3689B3}.Debug|Win32.Build.0 = Debug|Win32
		{57057B08-DAAE-45F8-8680-C7420E3689B3}.Release|Win32.ActiveCfg = Release|Win32
		{57057B08-DAAE-45F8-8680-C7420E3689B3}.Release|Win32.Build.0 = Release|Win32
		{87418F43-7EF4-40CD-8A35-A062AE72AC76}.Debug|Win32.ActiveCfg = Debug|Win32
		{87418F43-7EF4-40CD-8A35-A062AE72AC76}.Debug|Win32.Build.0 = Debug|Win32
		{87418F43-7EF4-40CD-8A35-A062AE72AC76}.Release|Win32.ActiveCfg = Release|Win32
		{87418F43-7EF4-40CD-8A35-A062AE72AC76}.Release|Win32.Build.0 = Release|Win32
		{BCDF0F10-9F3D-44B5-9138-35E39D15997D}.Debug|Win32.ActiveCfg = Debug|Win32
		{BCDF0F10-9F3D-44B5-9138-35E39D15997D}.Debug|Win32.Build.0 = Debug|Win32
		{BCDF0F10-9F3D-44B5-9138-35E39D15997D}.Release|Win32.ActiveCfg = Release|Win32
		{BCDF0F10-9F3D-44B5-9138-35E39D15997D}.Release|Win32.Build.0 = Release|Win32
		{F2567E3F-6152-4458-9048-8B5E6E601D96}.Debug|Win32.ActiveCfg = Debug|Win32
		{F2567E3F-6152-4458-9048-8B5E6E601D96}.Debug|Win32.Build.0 = Debug|Win32
		{F2567E3F-6152-4458-9048-8B5E6E601D96}.Release|Win32.ActiveCfg = Release|Win32
		{F2567E3F-6152-4458-9048-8B5E6E601D96}.Release|Win32.Build.0 = Release|Win32
		{FFC0D431-B417-4B8B-A959-43600E0E3529}.Debug|Win32.ActiveCfg = Debug|Win32
		{FFC0D431-B417-4B8B-A959-43600E0E3529}.Debug|Win32.Build.0 = Debug|Win32
		{FFC0D431-B417-4B8B-A959-43600E0E3529}.Release|Win32.ActiveCfg = Release|Win32
		{FFC0D431-B417-4B8B-A959-43600E0E3529}.Release|Win32.Build.0 = Release|Win32
		{61D76A2D-7F08-4EC0-8405-8BD2E362AE32}.Debug|Win32.ActiveCfg = Debug|Win32
		{61D76A2D-7F08-4EC0-8405-8BD2E362AE32}.Debug|Win32.Build.0 = Debug|Win32
		{61D76A2D-7F08-4EC0-8405-8BD2E362AE32}.Release|Win32.ActiveCfg = Release|Win32
		{61D76A2D-7F08-4EC0-8405-8BD2E362AE32}.Release|Win32.Build.0 = Release|Win32
		{8EC50474-C73B-447F-81F2-5C85B5F1EC6D}.Debug|Win32.ActiveCfg = Debug|Win32
		{8EC50474-C73B-447F-81F2-5C85B5F1EC6D}.Debug|Win32.Build.0 = Debug|Win32
		{8EC50474-C73B-447F-81F2-5C85B5F1EC6D}.Release|Win32.ActiveCfg = Release|Win32
		{8EC50474-C73B-447F-81F2-5C85B5F1EC6D}.Release|Win32.Build.0 = Release|Win32
		{4CFD5315-AE16-4E72-9195-3FCBF8E2C317}.Debug|Win32.ActiveCfg = Debug|Win32
		{4CFD5315-AE16-4E72-9195-3FCBF8E2C317}.Debug|Win32.Build.0 = Debug|Win32
		{4CFD5315-AE16-4E72-9195-3FCBF8E2C317}.Release|Win32.ActiveCfg = Release|Win32
		{4CFD5315-AE16-4E72-9195-3FCBF8E2C317}.Release|Win32.Build.0 = Release|Win32
		{BAE20C45-F7D2-4D0C-B927-02757757D884}.Debug|Win32.ActiveCfg = Debug|Win32
		{BAE20C45-F7D2-4D0C-B927-02757757D884}.Debug|Win32.Build.0 = Debug|Win32
		{BAE20C45-F7D2-4D0C-B927-02757757D884}.Release|Win32.ActiveCfg = Release|Win32
		{BAE20C45-F7D2-4D0C-B927-02757757D884}.Release|Win32.Build.0 = Release|Win32
		{1464C464-F79A-41C0-ADBD-552A3CBA7509}.Debug|Win32.ActiveCfg = Debug|Win32
		{1464C464-F79A-41C0-ADBD-552A3CBA7509}.Debug|Win32.Build.0 = Debug|Win32
		{1464C464-F79A-41C0-ADBD-552A3CBA7509}.Release|Win32.ActiveCfg = Release|Win32
		{1464C464-F79A-41C0-ADBD-552A3CBA7509}.Release|Win32.Build.0 = Release|Win32
		{9DA4D7B1-80D4-429F-BD09-735AF383CA4A}.Debug|Win32.ActiveCfg = Debug|Win32
		{9DA4D7B1-80D4-429F-BD09-735AF383CA4A}.Debug|Win32.Build.0 = Debug|Win32
		{9DA4D7B1-80D4-429F-BD09-735AF383CA4A}.Release|Win32.ActiveCfg = Release|Win32
		{9DA4D7B1-80D4-429F-BD09-735AF383CA4A}.Release|Win32.Build.0 = Release|Win32
		{BBE79C2A-92E9-43E7-A2D6-EB9B5E026E20}.Debug|Win32.ActiveCfg = Debug|Win32
		{BBE79C2A-92E9-43E7-A2D6-EB9B5E026E20}.Debug|Win32.Build.0 = Debug|Win32
		{BBE79C2A-92E9-43E7-A2D6-EB9B5E026E20}.Release|Win32.ActiveCfg = Release|Win32
		{BBE79C2A-92E9-43E7-A2D6-EB9B5E026E20}.Release|Win32.Build.0 = Release|Win32
		{B3888062-5BB0-420C-8CCE-E4059452FB78}.Debug|Win32.ActiveCfg = Debug|Win32
		{B3888062-5BB0-420C-8CCE-E4059452FB78}.Debug|Win32.Build.0 = Debug|Win32
		{B3888062-5BB0-420C-8CCE-E4059452FB78}.Release|Win32.ActiveCfg = Release|Win32
		{B3888062-5BB0-420C-8CCE-E4059452FB78}.Release|Win32.Build.0 = Release|Win32
		{558A5ADD-6093-47D4-A69C-76DD41874FB8}.Debug|Win32.ActiveCfg = Debug|Win32
		{558A5ADD-6093-47D4-A69C-76DD41874FB8}.Debug|Win32.Build.0 = Debug|Win32
		{558A5ADD-6093-47D4-A69C-76DD41874FB8}.Release|Win32.ActiveCfg = Release|Win32
		{558A5ADD-6093-47D4-A69C-76DD41874FB8}.Release|Win32.Build.0 = Release|Win32
		{D9669AC0-FBBC-44F1-9FC9-25D0D41A6F16}.Debug|Win32.ActiveCfg = Debug|Win32
		{D9669AC0-FBBC-44F1-9FC9-25D0D41A6F16}.Debug|Win32.Build.0 = Debug|Win32
		{D9669AC0-FBBC-44F1-9FC9-25D0D41A6F16}.Release|Win32.ActiveCfg = Release|Win32
		{D9669AC0-FBBC-44F1-9FC9-25D0D41A6F16}.Release|Win32.Build.0 = Release|Win32
		{B941C908-7FC1-4579-B0FB-066F4208DFC1}.Debug|Win32.ActiveCfg = Debug|Win32
		{B941C908-7FC1-4579-B0FB-066F4208DFC1}.Debug|Win32.Build.0 = Debug|Win32
		{B941C908-7FC1-4579-B0FB-066F4208DFC1}.Release|Win32.ActiveCfg = Release|Win32
		{B941C908-7FC1-4579-B0FB-066F4208DFC1}.Release|Win32.Build.0 = Release|Win32
		{3ECC8D11-E2DA-4845-8C82-09B2F5EDE19F}.Debug|Win32.ActiveCfg = Debug|Win32
		{3ECC8D11-E2DA-4845-8C82-09B2F5EDE19F}.Debug|Win32.Build.0 = Debug|Win32
		{3ECC8D11-E2DA-4845-8C82-09B2F5EDE19F}.Release|Win32.ActiveCfg = Release|Win32
		{3ECC8D11-E2DA-4845-8C82-09B2F5EDE19F}.Release|Win32.Build.0 = Release|Win32
		{523C26F1-82C9-4EDB-B830-CDCA154BE2FF}.Debug|Win32.ActiveCfg = Debug|Win32
		{523C26F1-82C9-4EDB-B830-CDCA154BE2FF}.Debug|Win32.Build.0 = Debug|Win32
		{523C26F1-82C9-4EDB-B830-CDCA154BE2FF}.Release|Win32.ActiveCfg = Release|Win32
		{523C26F1-82C9-4EDB-B830-CDCA154BE2FF}.Release|Win32.Build.0 = Release|Win32
		{1C7EF2DA-14CA-470F-B63A-48EC411D40FC}.Debug|Win32.ActiveCfg = Debug|Win32
		{1C7EF2DA-14CA-470F-B63A-48EC411D40FC}.Debug|Win32.Build.0 = Debug|Win32
		{1C7EF2DA-14CA-470F-B63A-48EC411D40FC}.Release|Win32.ActiveCfg = Release|Win32
		{1C7EF2DA-14CA-470F-B63A-48EC411D40FC}.Release|Win32.Build.0 = Release|Win32
		{160B409E-1762-4F99-A16E-E348A6888C4C}.Debug|Win32.ActiveCfg = Debug|Win32
		{160B409E-1762-4F99-A16E-E348A6888C4C}.Debug|Win32.Build.0 = Debug|Win32
		{160B409E-1762-4F99-A16E-E348A6888C4C}.Release|Win32.ActiveCfg = Release|Win32
		{160B409E-1762-4F99-A16E-E348A6888C4C}.Release|Win32.Build.0 = Release|Win32
		{B46454BE-CF8E-4DA1-951A-C5F36099512B}.Debug|Win32.ActiveCfg = Debug|Win32
		{B46454BE-CF8E-4DA1-951A-C5F36099512B}.Debug|Win32.Build.0 = Debug|Win32
		{B46454BE-CF8E-4DA1-951A-C5F36099512B}.Release|Win32.ActiveCfg = Release|Win32
		{B46454BE-CF8E-4DA1-951A-C5F36099512B}.Release|Win32.Build.0 = Release|Win32
		{63F0ED0E-033A-4D0C-8870-A90CFBFBD224}.Debug|Win32.ActiveCfg = Debug|Win32
		{63F0ED0E-033A-4D0C-8870-A90CFBFBD224}.Debug|Win32.Build.0 = Debug|Win32
		{63F0ED0E-033A-4D0C-8870-A90CFBFBD224}.Release|Win32.ActiveCfg = Release|Win32
		{63F0ED0E-033A-4D0C-8870-A90CFBFBD224}.Release|Win32.Build.0 = Release|Win32
		{BD36C6DD-531A-4D14-8EBC-79E79F743345}.Debug|Win32.ActiveCfg = Debug|Win32
		{BD36C6DD-531A-4D14-8EBC-79E79F743345}.Debug|Win32.Build.0 = Debug|Win32
		{BD36C6DD-531A-4D14-8EBC-79E79F743345}.Release|Win32.ActiveCfg = Release|Win32
		{BD36C6DD-531A-4D14-8EBC-79E79F743345}.Release|Win32.Build.0 = Release|Win32
		{99F3FCB1-57FB-485C-B6E7-557F7771E7AC}.Debug|Win32.ActiveCfg = Debug|Win32
		{99F3FCB1-57FB-485C-B6E7-557F7771E7AC}.Debug|Win32.Build.0 = Debug|Win32
		{99F3FCB1-57FB-485C-B6E7-557F7771E7AC}.Release|Win32.ActiveCfg = Release|Win32
		{99F3FCB1-57FB-485C-B6E7-557F7771E7AC}.Release|Win32.Build.0 = Release|Win32
		{17221C0E-356E-4B45-8F7F-255B2D187121}.Debug|Win32.ActiveCfg = Debug|Win32
		{17221C0E-356E-4B45-8F7F-255B2D187121}.Debug|Win32.Build.0 = Debug|Win32
		{17221C0E-356E-4B45-8F7F-255B2D187121}.Release|Win32.ActiveCfg = Release|Win32
		{17221C0E-356E-4B45-8F7F-255B2D187121}.Release|Win32.Build.0 = Release|Win32
		{5351A411-6D8C-43D4-B5AB-AF04856A4CAD}.Debug|Win32.ActiveCfg = Debug|Win32
		{5351A411-6D8C-43D4-B5AB-AF04856A4CAD}.Debug|Win32.Build.0 = Debug|Win32
		{5351A411-6D8C-43D4-B5AB-AF04856A4CAD}.Release|Win32.ActiveCfg = Release|Win32
		{5351A411-6D8C-43D4-B5AB-AF04856A4CAD}.Release|Win32.Build.0 = Release|Win32
		{661E830E-E695-4CB8-B91B-8A75AD052CE4}.Debug|Win32.ActiveCfg = Debug|Win32
		{661E830E-E695-4CB8-B91B-8A75AD052CE4}.Debug|Win32.Build.0 = Debug|Win32
		{661E830E-E695-4CB8-B91B-8A75AD052CE4}.Release|Win32.ActiveCfg = Release|Win32
		{661E830E-E695-4CB8-B91B-8A75AD052CE4}.Release|Win32.Build.0 = Release|Win32
		{E561D3DD-5FF2-4BE2-9281-E4A954AB1C8C}.Debug|Win32.ActiveCfg = Debug|Win32
		{E561D3DD-5FF2-4BE2-9281-E4A954AB1C8C}.Debug|Win32.Build.0 = Debug|Win32
		{E561D3DD-5FF2-4BE2-9281-E4A954AB1C8C}.Release|Win32.ActiveCfg = Release|Win32
		{E561D3DD-5FF2-4BE2-9281-E4A954AB1C8C}.Release|Win32.Build.0 = Release|Win32
		{55B477FB-3BB3-4628-90F9-AEFDDC38A0F4}.Debug|Win32.ActiveCfg = Debug|Win32
		{55B477FB-3BB3-4628-90F9-AEFDDC38A0F4}.Debug|Win32.Build.0 = Debug|Win32
		{55B477FB-3BB3-4628-90F9-AEFDDC38A0F4}.Release|Win32.ActiveCfg = Release|Win32
		{55B477FB-3BB3-4628-90F9-AEFDDC38A0F4}.Release|Win32.Build.0 = Release|Win32
		{44200561-5960-4C60-A680-C929E82443A9}.Debug|Win32.ActiveCfg = Debug|Win32
		{44200561-5960-4C60-A680-C929E82443A9}.Debug|Win32.Build.0 = Debug|Win32
		{44200561-5960-4C60-A680-C929E82443A9}.Release|Win32.ActiveCfg = Release|Win32
		{44200561-5960-4C60-A680-C929E82443A9}.Release|Win32.Build.0 = Release|Win32
		{B895E6D0-4B60-4197-B5EC-682834D15461}.Debug|Win32.ActiveCfg = Debug|Win32
		{B895E6D0-4B60-4197-B5EC-682834D15461}.Debug|Win32.Build.0 = Debug|Win32
		{B895E6D0-4B60-4197-B5EC-682834D15461}.Release|Win32.ActiveCfg = Release|Win32
		{B895E6D0-4B60-4197-B5EC-682834D15461}.Release|Win32.Build.0 = Release|Win32
		{AA42D092-577A-4951-B528-A309C4AA6E59}.Debug|Win32.ActiveCfg = Debug|Win32
		{AA42D092-577A-4951-B528-A309C4AA6E59}.Debug|Win32.Build.0 = Debug|Win32
		{AA42D092-577A-4951-B528-A309C4AA6E59}.Release|Win32.ActiveCfg = Release|Win32
		{AA42D092-577A-4951-B528-A309C4AA6E59}.Release|Win32.Build.0 = Release|Win32
		{87E934BF-5FF2-4871-A9A4-584AC1FD912A}.Debug|Win32.ActiveCfg = Debug|Win32
		{87E934BF-5FF2-4871-A9A4-584AC1FD912A}.Debug|Win32.Build.0 = Debug|Win32
		{87E934BF-5FF2-4871-A9A4-584AC1FD912A}.Release|Win32.ActiveCfg = Release|Win32
		{87E934BF-5FF2-4871-A9A4-584AC1FD912A}.Release|Win32.Build.0 = Release|Win32
		{EAE086A5-8019-4ACC-9694-88C03D2A392C}.Debug|Win32.ActiveCfg = Debug|Win32
		{EAE086A5-8019-4ACC-9694-88C03D2A392C}.Debug|Win32.Build.0 = Debug|Win32
		{EAE086A5-8019-4ACC-9694-88C03D2A392C}.Release|Win32.ActiveCfg = Release|Win32
		{EAE086A5-8019-4ACC-9694-88C03D2A392C}.Release|Win32.Build.0 = Release|Win32
		{075E1FDF-3F15-4F13-9280-65003ADAD0FD}.Debug|Win32.ActiveCfg = Debug|Win32
		{075E1FDF-3F15-4F13-9280-65003ADAD0FD}.Debug|Win32.Build.0 = Debug|Win32
		{075E1FDF-3F15-4F13-9280-65003ADAD0FD}.Release|Win32.ActiveCfg = Release|Win32
		{075E1FDF-3F15-4F13-9280-65003ADAD0FD}.Release|Win32.Build.0 = Release|Win32
		{653105ED-1184-40B7-BC91-378B4C1A4CDB}.Debug|Win32.ActiveCfg = Debug|Win32
		{653105ED-1184-40B7-BC91-378B4C1A4CDB}.Debug|Win32.Build.0 = Debug|Win32
		{653105ED-1184-40B7-BC91-378B4C1A4CDB}.Release|Win32.ActiveCfg = Release|Win32
		{653105ED-1184-40B7-BC91-378B4C1A4CDB}.Release|Win32.Build.0 = Release|Win32
		{54DEE12B-27C8-4070-AC3B-74A292CA6DDC}.Debug|Win32.ActiveCfg = Debug|Win32
		{54DEE12B-27C8-4070-AC3B-74A292CA6DDC}.Debug|Win32.Build.0 = Debug|Win32
		{54DEE12B-27C8-4070-AC3B-74A292CA6DDC}.Release|Win32.ActiveCfg = Release|Win32
		{54DEE12B-27C8-4070-AC3B-74A292CA6DDC}.Release|Win32.Build.0 = Release|Win32
		{AC9C44EF-9EDD-495C-AA6D-12739B56967C}.Debug|Win32.ActiveCfg = Debug|Win32
		{AC9C44EF-9EDD-495C-AA6D-12739B56967C}.Debug|Win32.Build.0 = Debug|Win32
		{AC9C44EF-9EDD-495C-AA6D-12739B56967C}.Release|Win32.ActiveCfg = Release|Win32
		{AC9C44EF-9EDD-495C-AA6D-12739B56967C}.Release|Win32.Build.0 = Release|Win32
		{8742D282-E319-4622-B58B-526BE2D734BD}.Debug|Win32.ActiveCfg = Debug|Win32
		{8742D282-E319-4622-B58B-526BE2D734BD}.Debug|Win32.Build.0 = Debug|Win32
		{8742D282-E319-4622-B58B-526BE2D734BD}.Release|Win32.ActiveCfg = Release|Win32
		{8742D282-E319-4622-B58B-526BE2D734BD}.Release|Win32.Build.0 = Release|Win32
		{ADB7EE29-F446-4AAD-B8C0-3E140C771F7E}.Debug|Win32.ActiveCfg = Debug|Win32
		{ADB7EE29-F446-4AAD-B8C0-3E140C771F7E}.Debug|Win32.Build.0 = Debug|Win32
		{ADB7EE29-F446-4AAD-B8C0-3E140C771F7E}.Release|Win32.ActiveCfg = Release|Win32
		{ADB7EE29-F446-4AAD-B8C0-3E140C771F7E}.Release|Win32.Build.0 = Release|Win32
		{0FB88D65-208F-49EA-A708-FEE0600445BD}.Debug|Win32.ActiveCfg = Debug|Win32
		{0FB88D65-208F-49EA-A708-FEE0600445BD}.Debug|Win32.Build.0 = Debug|Win32
		{0FB88D65-208F-49EA-A708-FEE0600445BD}.Release|Win32.ActiveCfg = Release|Win32
		{0FB88D65-208F-49EA-A708-FEE0600445BD}.Release|Win32.Build.0 = Release|Win32
		{79EE6567-72F1-4404-B718-9B38D600D3EE}.Debug|Win32.ActiveCfg = Debug|Win32
		{79EE6567-72F1-4404-B718-9B38D600D3EE}.Debug|Win32.Build.0 = Debug|Win32
		{79EE6567-72F1-4404-B718-9B38D600D3EE}.Release|Win32.ActiveCfg = Release|Win32
		{79EE6567-72F1-4404-B718-9B38D600D3EE}.Release|Win32.Build.0 = Release|Win32
		{7780F325-39A6-4F1E-B119-5A8012F606CB}.Debug|Win32.ActiveCfg = Debug|Win32
		{7780F325-39A6-4F1E-B119-5A8012F606CB}.Debug|Win32.Build.0 = Debug|Win32
		{7780F325-39A6-4F1E-B119-5A8012F606CB}.Release|Win32.ActiveCfg = Release|Win32
		{7780F325-39A6-4F1E-B119-5A8012F606CB}.Release|Win32.Build.0 = Release|Win32
		{542FDC9E-EA7C-45C2-8FB7-0A37ADD80983}.Debug|Win32.ActiveCfg = Debug|Win32
		{542FDC9E-EA7C-45C2-8FB7-0A37ADD80983}.Debug|Win32.Build.0 = Debug|Win32
		{542FDC9E-EA7C-45C2-8FB7-0A37ADD80983}.Release|Win32.ActiveCfg = Release|Win32
		{542FDC9E-EA7C-45C2-8FB7-0A37ADD80983}.Release|Win32.Build.0 = Release|Win32
		{CF84B523-C2EE-4BCD-80FF-DBC7ABC75B9A}.Debug|Win32.ActiveCfg = Debug|Win32
		{CF84B523-C2EE-4BCD-80FF-DBC7ABC75B9A}.Debug|Win32.Build.0 = Debug|Win32
		{CF84B523-C2EE-4BCD-80FF-DBC7ABC75B9A}.Release|Win32.ActiveCfg = Release|Win32
		{CF84B523-C2EE-4BCD-80FF-DBC7ABC75B9A}.Release|Win32.Build.0 = Release|Win32
		{206AC367-7B9A-45A2-9A69-6E5541992037}.Debug|Win32.ActiveCfg = Debug|Win32
		{206AC367-7B9A-45A2-9A69-6E5541992037}.Debug|Win32.Build.0 = Debug|Win32
		{206AC367-7B9A-45A2-9A69-6E5541992037}.Release|Win32.ActiveCfg = Release|Win32
		{206AC367-7B9A-45A2-9A69-6E5541992037}.Release|Win32.Build.0 = Release|Win32
		{A609E060-C969-4525-8769-83738CA5741E}.Debug|Win32.ActiveCfg = Debug|Win32
		{A609E060-C969-4525-8769-83738CA5741E}.Debug|Win32.Build.0 = Debug|Win32
		{A609E060-C969-4525-8769-83738CA5741E}.Release|Win32.ActiveCfg = Release|Win32
		{A609E060-C969-4525-8769-83738CA5741E}.Release|Win32.Build.0 = Release|Win32
		{FF750E9F-7C54-4764-8E3A-CD2F0E04AA32}.Debug|Win32.ActiveCfg = Debug|Win32
		{FF750E9F-7C54-4764-8E3A-CD2F0E04AA32}.Debug|Win32.Build.0 = Debug|Win32
		{FF750E9F-7C54-4764-8E3A-CD2F0E04AA32}.Release|Win32.ActiveCfg = Release|Win32
		{FF750E9F-7C54-4764-8E3A-CD2F0E04AA32}.Release|Win32.Build.0 = Release|Win32
		{DDF1CB19-6D8D-4F94-91F7-B1DDE48B34C5}.Debug|Win32.ActiveCfg = Debug|Win32
		{DDF1CB19-6D8D-4F94-91F7-B1DDE48B34C5}.Debug|Win32.Build.0 = Debug|Win32
		{DDF1CB19-6D8D-4F94-91F7-B1DDE48B34C5}.Release|Win32.ActiveCfg = Release|Win32
		{DDF1CB19-6D8D-4F94-91F7-B1DDE48B34C5}.Release|Win32.Build.0 = Release|Win32
		{FECF9CCB-41C2-4FF9-9D64-D07D8F93786C}.Debug|Win32.ActiveCfg = Debug|Win32
		{FECF9CCB-41C2-4FF9-9D64-D07D8F93786C}.Debug|Win32.Build.0 = Debug|Win32
		{FECF9CCB-41C2-4FF9-9D64-D07D8F93786C}.Release|Win32.ActiveCfg = Release|Win32
		{FECF9CCB-41C2-4FF9-9D64-D07D8F93786C}.Release|Win32.Build.0 = Release|Win32
		{4021E886-3C6A-4C08-B7A7-D21EDA336219}.Debug|Win32.ActiveCfg = Debug|Win32
		{4021E886-3C6A-4C08-B7A7-D21EDA336219}.Debug|Win32.Build.0 = Debug|Win32
		{4021E886-3C6A-4C08-B7A7-D21EDA336219}.Release|Win32.ActiveCfg = Release|Win32
		{4021E886-3C6A-4C08-B7A7-D21EDA336219}.Release|Win32.Build.0 = Release|Win32
		{76CCBD2E-63CB-4C0D-AC59-0076D1E0E8F3}.Debug|Win32.ActiveCfg = Debug|Win32
		{76CCBD2E-63CB-4C0D-AC59-0076D1E0E8F3}.Debug|Win32.Build.0 = Debug|Win32
		{76CCBD2E-63CB-4C0D-AC59-0076D1E0E8F3}.Release|Win32.ActiveCfg = Release|Win32
		{76CCBD2E-63CB-4C0D-AC59-0076D1E0E8F3}.Release|Win32.Build.0 = Release|Win32
	EndGlobalSection
	GlobalSection(SolutionProperties) = preSolution
		HideSolutionNode = FALSE
	EndGlobalSection
	GlobalSection(NestedProjects) = preSolution
		{E75C12DA-2B08-420B-9B45-9061B4FE74EF} = {EA0DD065-8D9D-4B7E-BB6D-4FC7D50FD24E}
		{005CA024-B6F7-4DDE-B909-199D670E532B} = {E75C12DA-2B08-420B-9B45-9061B4FE74EF}
		{C9390FA0-5A46-48E7-93E2-9CF2FC23137F} = {E75C12DA-2B08-420B-9B45-9061B4FE74EF}
		{6A01E490-8C5B-47EA-A04C-ADD5D039AD3E} = {E75C12DA-2B08-420B-9B45-9061B4FE74EF}
		{69B45164-E2A6-4F4C-A96D-E722013A8709} = {E75C12DA-2B08-420B-9B45-9061B4FE74EF}
		{86A39C21-E114-428B-A313-498A4D25C953} = {A8A49FA0-E0BE-467D-A70C-BBE9E8890B7A}
		{FE765605-C17B-47D7-B6E4-2ABE1A16126A} = {A8A49FA0-E0BE-467D-A70C-BBE9E8890B7A}
		{FDACFF3F-6EA8-4EC9-A8DF-5A926B78A5B8} = {7C50FD6D-4AB7-4DDA-A639-1CA62F76ED61}
		{03162903-9AEF-4311-833E-22ADF50FDDB1} = {E75C12DA-2B08-420B-9B45-9061B4FE74EF}
		{BCAABD19-B0B1-4A81-B1E6-B36D9F275CB8} = {A8A49FA0-E0BE-467D-A70C-BBE9E8890B7A}
		{54873612-FB75-4626-B473-9C920CBE9FBE} = {35B89FD5-12BC-4FA3-A190-31BC5AACAAB0}
		{A5B413D0-112F-47A8-B4AC-2CFCE69920D2} = {54873612-FB75-4626-B473-9C920CBE9FBE}
		{2D45226C-04F5-47E4-8DA3-EAF583BFFC39} = {54873612-FB75-4626-B473-9C920CBE9FBE}
		{CCF8001B-9C4A-4541-888B-549245E50068} = {EA0DD065-8D9D-4B7E-BB6D-4FC7D50FD24E}
		{E1700137-F4BF-4735-94AB-E5F139E53FBA} = {005CA024-B6F7-4DDE-B909-199D670E532B}
		{ABC5575C-8284-4010-BE69-16628BA43DE7} = {C9390FA0-5A46-48E7-93E2-9CF2FC23137F}
		{10A37A21-489B-4180-8221-6EC75C937B4B} = {6A01E490-8C5B-47EA-A04C-ADD5D039AD3E}
		{A57C3312-B815-49B6-8B06-E2C438C1AFBE} = {005CA024-B6F7-4DDE-B909-199D670E532B}
		{57057B08-DAAE-45F8-8680-C7420E3689B3} = {005CA024-B6F7-4DDE-B909-199D670E532B}
		{87418F43-7EF4-40CD-8A35-A062AE72AC76} = {005CA024-B6F7-4DDE-B909-199D670E532B}
		{BCDF0F10-9F3D-44B5-9138-35E39D15997D} = {005CA024-B6F7-4DDE-B909-199D670E532B}
		{F2567E3F-6152-4458-9048-8B5E6E601D96} = {005CA024-B6F7-4DDE-B909-199D670E532B}
		{FFC0D431-B417-4B8B-A959-43600E0E3529} = {005CA024-B6F7-4DDE-B909-199D670E532B}
		{61D76A2D-7F08-4EC0-8405-8BD2E362AE32} = {005CA024-B6F7-4DDE-B909-199D670E532B}
		{8EC50474-C73B-447F-81F2-5C85B5F1EC6D} = {005CA024-B6F7-4DDE-B909-199D670E532B}
		{4CFD5315-AE16-4E72-9195-3FCBF8E2C317} = {6A01E490-8C5B-47EA-A04C-ADD5D039AD3E}
		{BAE20C45-F7D2-4D0C-B927-02757757D884} = {69B45164-E2A6-4F4C-A96D-E722013A8709}
		{1464C464-F79A-41C0-ADBD-552A3CBA7509} = {69B45164-E2A6-4F4C-A96D-E722013A8709}
		{9DA4D7B1-80D4-429F-BD09-735AF383CA4A} = {69B45164-E2A6-4F4C-A96D-E722013A8709}
		{BBE79C2A-92E9-43E7-A2D6-EB9B5E026E20} = {69B45164-E2A6-4F4C-A96D-E722013A8709}
		{B3888062-5BB0-420C-8CCE-E4059452FB78} = {69B45164-E2A6-4F4C-A96D-E722013A8709}
		{558A5ADD-6093-47D4-A69C-76DD41874FB8} = {005CA024-B6F7-4DDE-B909-199D670E532B}
		{D9669AC0-FBBC-44F1-9FC9-25D0D41A6F16} = {005CA024-B6F7-4DDE-B909-199D670E532B}
		{B941C908-7FC1-4579-B0FB-066F4208DFC1} = {A8A49FA0-E0BE-467D-A70C-BBE9E8890B7A}
		{3ECC8D11-E2DA-4845-8C82-09B2F5EDE19F} = {86A39C21-E114-428B-A313-498A4D25C953}
		{523C26F1-82C9-4EDB-B830-CDCA154BE2FF} = {005CA024-B6F7-4DDE-B909-199D670E532B}
		{1C7EF2DA-14CA-470F-B63A-48EC411D40FC} = {86A39C21-E114-428B-A313-498A4D25C953}
		{160B409E-1762-4F99-A16E-E348A6888C4C} = {005CA024-B6F7-4DDE-B909-199D670E532B}
		{B46454BE-CF8E-4DA1-951A-C5F36099512B} = {86A39C21-E114-428B-A313-498A4D25C953}
		{63F0ED0E-033A-4D0C-8870-A90CFBFBD224} = {86A39C21-E114-428B-A313-498A4D25C953}
		{BD36C6DD-531A-4D14-8EBC-79E79F743345} = {86A39C21-E114-428B-A313-498A4D25C953}
		{99F3FCB1-57FB-485C-B6E7-557F7771E7AC} = {FE765605-C17B-47D7-B6E4-2ABE1A16126A}
		{17221C0E-356E-4B45-8F7F-255B2D187121} = {005CA024-B6F7-4DDE-B909-199D670E532B}
		{5351A411-6D8C-43D4-B5AB-AF04856A4CAD} = {86A39C21-E114-428B-A313-498A4D25C953}
		{661E830E-E695-4CB8-B91B-8A75AD052CE4} = {7C50FD6D-4AB7-4DDA-A639-1CA62F76ED61}
		{E561D3DD-5FF2-4BE2-9281-E4A954AB1C8C} = {FDACFF3F-6EA8-4EC9-A8DF-5A926B78A5B8}
		{55B477FB-3BB3-4628-90F9-AEFDDC38A0F4} = {FDACFF3F-6EA8-4EC9-A8DF-5A926B78A5B8}
		{44200561-5960-4C60-A680-C929E82443A9} = {69B45164-E2A6-4F4C-A96D-E722013A8709}
		{B895E6D0-4B60-4197-B5EC-682834D15461} = {03162903-9AEF-4311-833E-22ADF50FDDB1}
		{AA42D092-577A-4951-B528-A309C4AA6E59} = {BCAABD19-B0B1-4A81-B1E6-B36D9F275CB8}
		{87E934BF-5FF2-4871-A9A4-584AC1FD912A} = {69B45164-E2A6-4F4C-A96D-E722013A8709}
		{EAE086A5-8019-4ACC-9694-88C03D2A392C} = {005CA024-B6F7-4DDE-B909-199D670E532B}
		{075E1FDF-3F15-4F13-9280-65003ADAD0FD} = {005CA024-B6F7-4DDE-B909-199D670E532B}
		{653105ED-1184-40B7-BC91-378B4C1A4CDB} = {005CA024-B6F7-4DDE-B909-199D670E532B}
		{54DEE12B-27C8-4070-AC3B-74A292CA6DDC} = {005CA024-B6F7-4DDE-B909-199D670E532B}
		{AC9C44EF-9EDD-495C-AA6D-12739B56967C} = {005CA024-B6F7-4DDE-B909-199D670E532B}
		{8742D282-E319-4622-B58B-526BE2D734BD} = {35B89FD5-12BC-4FA3-A190-31BC5AACAAB0}
		{ADB7EE29-F446-4AAD-B8C0-3E140C771F7E} = {A5B413D0-112F-47A8-B4AC-2CFCE69920D2}
		{0FB88D65-208F-49EA-A708-FEE0600445BD} = {A5B413D0-112F-47A8-B4AC-2CFCE69920D2}
		{79EE6567-72F1-4404-B718-9B38D600D3EE} = {A5B413D0-112F-47A8-B4AC-2CFCE69920D2}
		{7780F325-39A6-4F1E-B119-5A8012F606CB} = {2D45226C-04F5-47E4-8DA3-EAF583BFFC39}
		{542FDC9E-EA7C-45C2-8FB7-0A37ADD80983} = {2D45226C-04F5-47E4-8DA3-EAF583BFFC39}
		{CF84B523-C2EE-4BCD-80FF-DBC7ABC75B9A} = {005CA024-B6F7-4DDE-B909-199D670E532B}
		{206AC367-7B9A-45A2-9A69-6E5541992037} = {005CA024-B6F7-4DDE-B909-199D670E532B}
		{A609E060-C969-4525-8769-83738CA5741E} = {005CA024-B6F7-4DDE-B909-199D670E532B}
		{FF750E9F-7C54-4764-8E3A-CD2F0E04AA32} = {005CA024-B6F7-4DDE-B909-199D670E532B}
		{DDF1CB19-6D8D-4F94-91F7-B1DDE48B34C5} = {005CA024-B6F7-4DDE-B909-199D670E532B}
		{FECF9CCB-41C2-4FF9-9D64-D07D8F93786C} = {005CA024-B6F7-4DDE-B909-199D670E532B}
		{4021E886-3C6A-4C08-B7A7-D21EDA336219} = {86A39C21-E114-428B-A313-498A4D25C953}
		{76CCBD2E-63CB-4C0D-AC59-0076D1E0E8F3} = {BCAABD19-B0B1-4A81-B1E6-B36D9F275CB8}
	EndGlobalSection
	GlobalSection(ExtensibilityGlobals) = postSolution
		SolutionGuid = {7A07834E-8766-4F69-8CDC-E9FE4FB03201}
	EndGlobalSection
EndGlobal
